{
    "_readme": [
        "This file locks the dependencies of your project to a known state",
        "Read more about it at http://getcomposer.org/doc/01-basic-usage.md#composer-lock-the-lock-file"
    ],
    "hash": "12c67b529b90b10160c85cb6c3b19d83",
    "packages": [
        {
            "name": "doctrine/annotations",
            "version": "v1.1.1",
            "source": {
                "type": "git",
                "url": "https://github.com/doctrine/annotations.git",
                "reference": "v1.1.1"
            },
            "dist": {
                "type": "zip",
                "url": "https://api.github.com/repos/doctrine/annotations/zipball/v1.1.1",
                "reference": "v1.1.1",
                "shasum": ""
            },
            "require": {
                "doctrine/lexer": "1.*",
                "php": ">=5.3.2"
            },
            "require-dev": {
                "doctrine/cache": "1.*"
            },
            "type": "library",
            "extra": {
                "branch-alias": {
                    "dev-master": "1.0.x-dev"
                }
            },
            "autoload": {
                "psr-0": {
                    "Doctrine\\Common\\Annotations\\": "lib/"
                }
            },
            "notification-url": "https://packagist.org/downloads/",
            "license": [
                "MIT"
            ],
            "authors": [
                {
                    "name": "Jonathan Wage",
                    "email": "jonwage@gmail.com",
                    "homepage": "http://www.jwage.com/"
                },
                {
                    "name": "Guilherme Blanco",
                    "email": "guilhermeblanco@gmail.com",
                    "homepage": "http://www.instaclick.com"
                },
                {
                    "name": "Roman Borschel",
                    "email": "roman@code-factory.org"
                },
                {
                    "name": "Benjamin Eberlei",
                    "email": "kontakt@beberlei.de"
                },
                {
                    "name": "Johannes Schmitt",
                    "email": "schmittjoh@gmail.com",
                    "homepage": "https://github.com/schmittjoh",
                    "role": "Developer of wrapped JMSSerializerBundle"
                }
            ],
            "description": "Docblock Annotations Parser",
            "homepage": "http://www.doctrine-project.org",
            "keywords": [
                "annotations",
                "docblock",
                "parser"
            ],
            "time": "2013-04-20 08:30:17"
        },
        {
            "name": "doctrine/cache",
            "version": "dev-master",
            "source": {
                "type": "git",
                "url": "https://github.com/doctrine/cache.git",
                "reference": "4116eff37635219101a22c9732f409633eb07c5d"
            },
            "dist": {
                "type": "zip",
                "url": "https://api.github.com/repos/doctrine/cache/zipball/4116eff37635219101a22c9732f409633eb07c5d",
                "reference": "4116eff37635219101a22c9732f409633eb07c5d",
                "shasum": ""
            },
            "require": {
                "php": ">=5.3.2"
            },
            "type": "library",
            "extra": {
                "branch-alias": {
                    "dev-master": "1.0.x-dev"
                }
            },
            "autoload": {
                "psr-0": {
                    "Doctrine\\Common\\Cache\\": "lib/"
                }
            },
            "notification-url": "https://packagist.org/downloads/",
            "license": [
                "MIT"
            ],
            "authors": [
                {
                    "name": "Jonathan Wage",
                    "email": "jonwage@gmail.com",
                    "homepage": "http://www.jwage.com/"
                },
                {
                    "name": "Guilherme Blanco",
                    "email": "guilhermeblanco@gmail.com",
                    "homepage": "http://www.instaclick.com"
                },
                {
                    "name": "Roman Borschel",
                    "email": "roman@code-factory.org"
                },
                {
                    "name": "Benjamin Eberlei",
                    "email": "kontakt@beberlei.de"
                },
                {
                    "name": "Johannes Schmitt",
                    "email": "schmittjoh@gmail.com",
                    "homepage": "https://github.com/schmittjoh",
                    "role": "Developer of wrapped JMSSerializerBundle"
                }
            ],
            "description": "Caching library offering an object-oriented API for many cache backends",
            "homepage": "http://www.doctrine-project.org",
            "keywords": [
                "cache",
                "caching"
            ],
            "time": "2013-05-04 23:23:40"
        },
        {
            "name": "doctrine/collections",
            "version": "dev-master",
            "source": {
                "type": "git",
                "url": "https://github.com/doctrine/collections.git",
                "reference": "df2138bcb467533bfe6b3a01301d480aec008b93"
            },
            "dist": {
                "type": "zip",
                "url": "https://api.github.com/repos/doctrine/collections/zipball/df2138bcb467533bfe6b3a01301d480aec008b93",
                "reference": "df2138bcb467533bfe6b3a01301d480aec008b93",
                "shasum": ""
            },
            "require": {
                "php": ">=5.3.2"
            },
            "type": "library",
            "extra": {
                "branch-alias": {
                    "dev-master": "1.1.x-dev"
                }
            },
            "autoload": {
                "psr-0": {
                    "Doctrine\\Common\\Collections\\": "lib/"
                }
            },
            "notification-url": "https://packagist.org/downloads/",
            "license": [
                "MIT"
            ],
            "authors": [
                {
                    "name": "Jonathan Wage",
                    "email": "jonwage@gmail.com",
                    "homepage": "http://www.jwage.com/"
                },
                {
                    "name": "Guilherme Blanco",
                    "email": "guilhermeblanco@gmail.com",
                    "homepage": "http://www.instaclick.com"
                },
                {
                    "name": "Roman Borschel",
                    "email": "roman@code-factory.org"
                },
                {
                    "name": "Benjamin Eberlei",
                    "email": "kontakt@beberlei.de"
                },
                {
                    "name": "Johannes Schmitt",
                    "email": "schmittjoh@gmail.com",
                    "homepage": "https://github.com/schmittjoh",
                    "role": "Developer of wrapped JMSSerializerBundle"
                }
            ],
            "description": "Collections Abstraction library",
            "homepage": "http://www.doctrine-project.org",
            "keywords": [
                "array",
                "collections",
                "iterator"
            ],
            "time": "2013-03-17 14:01:33"
        },
        {
            "name": "doctrine/common",
            "version": "dev-master",
            "source": {
                "type": "git",
                "url": "https://github.com/doctrine/common.git",
                "reference": "3506be7467dbd4f923691a00555cf80065d32e59"
            },
            "dist": {
                "type": "zip",
                "url": "https://api.github.com/repos/doctrine/common/zipball/3506be7467dbd4f923691a00555cf80065d32e59",
                "reference": "3506be7467dbd4f923691a00555cf80065d32e59",
                "shasum": ""
            },
            "require": {
                "doctrine/annotations": "1.*",
                "doctrine/cache": "1.*",
                "doctrine/collections": "1.*",
                "doctrine/inflector": "1.*",
                "doctrine/lexer": "1.*",
                "php": ">=5.3.2"
            },
            "type": "library",
            "extra": {
                "branch-alias": {
                    "dev-master": "2.4.x-dev"
                }
            },
            "autoload": {
                "psr-0": {
                    "Doctrine\\Common\\": "lib/"
                }
            },
            "notification-url": "https://packagist.org/downloads/",
            "license": [
                "MIT"
            ],
            "authors": [
                {
                    "name": "Jonathan Wage",
                    "email": "jonwage@gmail.com",
                    "homepage": "http://www.jwage.com/"
                },
                {
                    "name": "Guilherme Blanco",
                    "email": "guilhermeblanco@gmail.com",
                    "homepage": "http://www.instaclick.com"
                },
                {
                    "name": "Roman Borschel",
                    "email": "roman@code-factory.org"
                },
                {
                    "name": "Benjamin Eberlei",
                    "email": "kontakt@beberlei.de"
                },
                {
                    "name": "Johannes Schmitt",
                    "email": "schmittjoh@gmail.com",
                    "homepage": "https://github.com/schmittjoh",
                    "role": "Developer of wrapped JMSSerializerBundle"
                }
            ],
            "description": "Common Library for Doctrine projects",
            "homepage": "http://www.doctrine-project.org",
            "keywords": [
                "annotations",
                "collections",
                "eventmanager",
                "persistence",
                "spl"
            ],
            "time": "2013-04-16 21:50:30"
        },
        {
            "name": "doctrine/inflector",
            "version": "dev-master",
            "source": {
                "type": "git",
                "url": "https://github.com/doctrine/inflector.git",
                "reference": "8b4b3ccec7aafc596e2fc1e593c9f2e78f939c8c"
            },
            "dist": {
                "type": "zip",
                "url": "https://api.github.com/repos/doctrine/inflector/zipball/8b4b3ccec7aafc596e2fc1e593c9f2e78f939c8c",
                "reference": "8b4b3ccec7aafc596e2fc1e593c9f2e78f939c8c",
                "shasum": ""
            },
            "require": {
                "php": ">=5.3.2"
            },
            "type": "library",
            "extra": {
                "branch-alias": {
                    "dev-master": "1.0.x-dev"
                }
            },
            "autoload": {
                "psr-0": {
                    "Doctrine\\Common\\Inflector\\": "lib/"
                }
            },
            "notification-url": "https://packagist.org/downloads/",
            "license": [
                "MIT"
            ],
            "authors": [
                {
                    "name": "Jonathan Wage",
                    "email": "jonwage@gmail.com",
                    "homepage": "http://www.jwage.com/"
                },
                {
                    "name": "Guilherme Blanco",
                    "email": "guilhermeblanco@gmail.com",
                    "homepage": "http://www.instaclick.com"
                },
                {
                    "name": "Roman Borschel",
                    "email": "roman@code-factory.org"
                },
                {
                    "name": "Benjamin Eberlei",
                    "email": "kontakt@beberlei.de"
                },
                {
                    "name": "Johannes Schmitt",
                    "email": "schmittjoh@gmail.com",
                    "homepage": "https://github.com/schmittjoh",
                    "role": "Developer of wrapped JMSSerializerBundle"
                }
            ],
            "description": "Common String Manipulations with regard to casing and singular/plural rules.",
            "homepage": "http://www.doctrine-project.org",
            "keywords": [
                "inflection",
                "pluralize",
                "singularize",
                "string"
            ],
            "time": "2013-04-10 16:14:30"
        },
        {
            "name": "doctrine/lexer",
            "version": "dev-master",
            "source": {
                "type": "git",
                "url": "https://github.com/doctrine/lexer.git",
                "reference": "bc0e1f0cc285127a38c6c8ea88bc5dba2fd53e94"
            },
            "dist": {
                "type": "zip",
                "url": "https://api.github.com/repos/doctrine/lexer/zipball/bc0e1f0cc285127a38c6c8ea88bc5dba2fd53e94",
                "reference": "bc0e1f0cc285127a38c6c8ea88bc5dba2fd53e94",
                "shasum": ""
            },
            "require": {
                "php": ">=5.3.2"
            },
            "type": "library",
            "extra": {
                "branch-alias": {
                    "dev-master": "1.0.x-dev"
                }
            },
            "autoload": {
                "psr-0": {
                    "Doctrine\\Common\\Lexer\\": "lib/"
                }
            },
            "notification-url": "https://packagist.org/downloads/",
            "license": [
                "MIT"
            ],
            "authors": [
                {
                    "name": "Guilherme Blanco",
                    "email": "guilhermeblanco@gmail.com",
                    "homepage": "http://www.instaclick.com"
                },
                {
                    "name": "Roman Borschel",
                    "email": "roman@code-factory.org"
                },
                {
                    "name": "Johannes Schmitt",
                    "email": "schmittjoh@gmail.com",
                    "homepage": "https://github.com/schmittjoh",
                    "role": "Developer of wrapped JMSSerializerBundle"
                }
            ],
            "description": "Base library for a lexer that can be used in Top-Down, Recursive Descent Parsers.",
            "homepage": "http://www.doctrine-project.org",
            "keywords": [
                "lexer",
                "parser"
            ],
            "time": "2013-03-07 12:15:25"
        },
        {
            "name": "fate/gravatar-php",
            "version": "dev-master",
            "source": {
                "type": "git",
                "url": "https://github.com/sveneisenschmidt/Gravatar-php.git",
                "reference": "0c5df5962b565af47245949e52bc1778ac356439"
            },
            "dist": {
                "type": "zip",
                "url": "https://api.github.com/repos/sveneisenschmidt/Gravatar-php/zipball/0c5df5962b565af47245949e52bc1778ac356439",
                "reference": "0c5df5962b565af47245949e52bc1778ac356439",
                "shasum": ""
            },
            "type": "library",
            "autoload": {
                "psr-0": {
                    "Gravatar": "src"
                }
            },
            "notification-url": "https://packagist.org/downloads/",
            "license": [
                "MIT"
            ],
            "authors": [
                {
                    "name": "Sven Eisenschmidt",
                    "email": "sven.eisenschmidt@gmail.com",
                    "homepage": "http://unsicherheitsagent.de/"
                }
            ],
            "description": "PHP 5.3 Library for Gravatar (gravatar.com)",
            "homepage": "https://github.com/fate/Gravatar-php",
            "keywords": [
                "gravatar"
            ],
            "time": "2012-03-09 15:17:19"
        },
        {
            "name": "mheap/gravatar-php",
            "version": "dev-master",
            "source": {
                "type": "git",
                "url": "https://github.com/mheap/Gravatar-php.git",
                "reference": "8dc535e647decffd4aca3de0ae7e6901bfa4bf52"
            },
            "dist": {
                "type": "zip",
                "url": "https://api.github.com/repos/mheap/Gravatar-php/zipball/8dc535e647decffd4aca3de0ae7e6901bfa4bf52",
                "reference": "8dc535e647decffd4aca3de0ae7e6901bfa4bf52",
                "shasum": ""
            },
            "type": "library",
            "autoload": {
                "psr-0": {
                    "Gravatar": "src"
                }
            },
            "notification-url": "https://packagist.org/downloads/",
            "license": [
                "MIT"
            ],
            "authors": [
                {
                    "name": "Sven Eisenschmidt",
                    "email": "sven.eisenschmidt@gmail.com",
                    "homepage": "http://unsicherheitsagent.de/"
                }
            ],
            "description": "PHP 5.3 Library for Gravatar (gravatar.com)",
            "homepage": "https://github.com/sveneisenschmidt/Gravatar-php",
            "keywords": [
                "gravatar"
            ],
            "time": "2013-01-22 19:26:52"
        },
        {
            "name": "mheap/silex-gravatar",
            "version": "dev-master",
            "source": {
                "type": "git",
                "url": "https://github.com/mheap/Silex-Gravatar.git",
                "reference": "63e1588e835cca0e57839dc470d190957a0b51fe"
            },
            "dist": {
                "type": "zip",
                "url": "https://api.github.com/repos/mheap/Silex-Gravatar/zipball/63e1588e835cca0e57839dc470d190957a0b51fe",
                "reference": "63e1588e835cca0e57839dc470d190957a0b51fe",
                "shasum": ""
            },
            "require": {
                "mheap/gravatar-php": "*",
                "php": ">=5.3.0"
            },
            "require-dev": {
                "silex/silex": "*",
                "twig/twig": ">=1.2.0"
            },
            "suggest": {
                "twig/twig": ">=1.2.0"
            },
            "type": "library",
            "autoload": {
                "psr-0": {
                    "SilexGravatar": "src"
                }
            },
            "notification-url": "https://packagist.org/downloads/",
            "license": [
                "MIT"
            ],
            "authors": [
                {
                    "name": "Sven Eisenschmidt",
                    "email": "sven.eisenschmidt@gmail.com",
                    "homepage": "http://unsicherheitsagent.de/"
                },
                {
                    "name": "Michael Heap",
                    "email": "m@michaelheap.com",
                    "homepage": "http://michaelheap.com/"
                }
            ],
            "description": "Gravatar extension for Silex",
            "homepage": "https://github.com/mheap/Silex-Gravatar",
            "keywords": [
                "avatar",
                "gravatar",
                "silex"
            ],
            "time": "2013-01-22 19:29:38"
        },
        {
            "name": "monolog/monolog",
            "version": "dev-master",
            "source": {
                "type": "git",
                "url": "https://github.com/Seldaek/monolog.git",
                "reference": "1eed379a3b7c31f698e49fa7a822a536e94c31f5"
            },
            "dist": {
                "type": "zip",
                "url": "https://api.github.com/repos/Seldaek/monolog/zipball/1eed379a3b7c31f698e49fa7a822a536e94c31f5",
                "reference": "1eed379a3b7c31f698e49fa7a822a536e94c31f5",
                "shasum": ""
            },
            "require": {
                "php": ">=5.3.0",
                "psr/log": ">=1.0,<2.0"
            },
            "require-dev": {
                "doctrine/couchdb": "dev-master",
                "mlehner/gelf-php": "1.0.*",
                "raven/raven": "0.3.*"
            },
            "suggest": {
                "doctrine/couchdb": "Allow sending log messages to a CouchDB server",
                "ext-amqp": "Allow sending log messages to an AMQP server (1.0+ required)",
                "ext-mongo": "Allow sending log messages to a MongoDB server",
                "mlehner/gelf-php": "Allow sending log messages to a GrayLog2 server",
                "raven/raven": "Allow sending log messages to a Sentry server"
            },
            "type": "library",
            "extra": {
                "branch-alias": {
                    "dev-master": "1.5.x-dev"
                }
            },
            "autoload": {
                "psr-0": {
                    "Monolog": "src/"
                }
            },
            "notification-url": "https://packagist.org/downloads/",
            "license": [
                "MIT"
            ],
            "authors": [
                {
                    "name": "Jordi Boggiano",
                    "email": "j.boggiano@seld.be",
                    "homepage": "http://seld.be",
                    "role": "Developer"
                }
            ],
            "description": "Sends your logs to files, sockets, inboxes, databases and various web services",
            "homepage": "http://github.com/Seldaek/monolog",
            "keywords": [
                "log",
                "logging",
                "psr-3"
            ],
            "time": "2013-05-03 09:05:12"
        },
        {
            "name": "pimple/pimple",
            "version": "dev-master",
            "source": {
                "type": "git",
                "url": "https://github.com/fabpot/Pimple.git",
                "reference": "v1.0.2"
            },
            "dist": {
                "type": "zip",
                "url": "https://api.github.com/repos/fabpot/Pimple/zipball/v1.0.2",
                "reference": "v1.0.2",
                "shasum": ""
            },
            "require": {
                "php": ">=5.3.0"
            },
            "type": "library",
            "extra": {
                "branch-alias": {
                    "dev-master": "1.0.x-dev"
                }
            },
            "autoload": {
                "psr-0": {
                    "Pimple": "lib/"
                }
            },
            "notification-url": "https://packagist.org/downloads/",
            "license": [
                "MIT"
            ],
            "authors": [
                {
                    "name": "Fabien Potencier",
                    "email": "fabien@symfony.com"
                }
            ],
            "description": "Pimple is a simple Dependency Injection Container for PHP 5.3",
            "homepage": "http://pimple.sensiolabs.org",
            "keywords": [
                "container",
                "dependency injection"
            ],
            "time": "2013-03-08 08:21:40"
        },
        {
            "name": "psr/log",
            "version": "1.0.0",
            "source": {
                "type": "git",
                "url": "https://github.com/php-fig/log",
                "reference": "1.0.0"
            },
            "dist": {
                "type": "zip",
                "url": "https://github.com/php-fig/log/archive/1.0.0.zip",
                "reference": "1.0.0",
                "shasum": ""
            },
            "type": "library",
            "autoload": {
                "psr-0": {
                    "Psr\\Log\\": ""
                }
            },
            "notification-url": "https://packagist.org/downloads/",
            "license": [
                "MIT"
            ],
            "authors": [
                {
                    "name": "PHP-FIG",
                    "homepage": "http://www.php-fig.org/"
                }
            ],
            "description": "Common interface for logging libraries",
            "keywords": [
                "log",
                "psr",
                "psr-3"
            ],
            "time": "2012-12-21 11:40:51"
        },
        {
            "name": "silex/silex",
            "version": "dev-master",
            "source": {
                "type": "git",
                "url": "https://github.com/fabpot/Silex.git",
                "reference": "e9e1b209cb0251695bbf86a39c142c032288d6c3"
            },
            "dist": {
                "type": "zip",
                "url": "https://api.github.com/repos/fabpot/Silex/zipball/e9e1b209cb0251695bbf86a39c142c032288d6c3",
                "reference": "e9e1b209cb0251695bbf86a39c142c032288d6c3",
                "shasum": ""
            },
            "require": {
                "php": ">=5.3.3",
                "pimple/pimple": "1.*",
                "symfony/event-dispatcher": ">=2.3,<2.4-dev",
                "symfony/http-foundation": ">=2.3,<2.4-dev",
                "symfony/http-kernel": ">=2.3,<2.4-dev",
                "symfony/routing": ">=2.3,<2.4-dev"
            },
            "require-dev": {
                "doctrine/dbal": ">=2.2.0,<2.4.0-dev",
                "monolog/monolog": ">=1.4,<2.0,>=1.4.1",
                "swiftmailer/swiftmailer": "5.*",
                "symfony/browser-kit": ">=2.3,<2.4-dev",
                "symfony/config": ">=2.3,<2.4-dev",
                "symfony/css-selector": ">=2.3,<2.4-dev",
                "symfony/dom-crawler": ">=2.3,<2.4-dev",
                "symfony/finder": ">=2.3,<2.4-dev",
                "symfony/form": ">=2.3,<2.4-dev",
                "symfony/locale": ">=2.3,<2.4-dev",
                "symfony/monolog-bridge": ">=2.3,<2.4-dev",
                "symfony/options-resolver": ">=2.3,<2.4-dev",
                "symfony/process": ">=2.3,<2.4-dev",
                "symfony/security": ">=2.3,<2.4-dev",
                "symfony/serializer": ">=2.3,<2.4-dev",
                "symfony/translation": ">=2.3,<2.4-dev",
                "symfony/twig-bridge": ">=2.3,<2.4-dev",
                "symfony/validator": ">=2.3,<2.4-dev",
                "twig/twig": ">=1.8.0,<2.0-dev"
            },
            "suggest": {
                "symfony/browser-kit": ">=2.3,<2.4-dev",
                "symfony/css-selector": ">=2.3,<2.4-dev",
                "symfony/dom-crawler": ">=2.3,<2.4-dev",
                "symfony/form": ">=2.3,<2.4-dev"
            },
            "type": "library",
            "extra": {
                "branch-alias": {
                    "dev-master": "1.1.x-dev"
                }
            },
            "autoload": {
                "psr-0": {
                    "Silex": "src/"
                }
            },
            "notification-url": "https://packagist.org/downloads/",
            "license": [
                "MIT"
            ],
            "authors": [
                {
                    "name": "Fabien Potencier",
                    "email": "fabien@symfony.com"
                },
                {
                    "name": "Igor Wiedler",
                    "email": "igor@wiedler.ch",
                    "homepage": "http://wiedler.ch/igor/"
                }
            ],
            "description": "The PHP micro-framework based on the Symfony2 Components",
            "homepage": "http://silex.sensiolabs.org",
            "keywords": [
                "microframework"
            ],
            "time": "2013-05-04 16:25:29"
        },
        {
            "name": "silex/web-profiler",
            "version": "dev-master",
            "target-dir": "Silex/Provider",
            "source": {
                "type": "git",
                "url": "https://github.com/sensiolabs/Silex-WebProfiler.git",
                "reference": "3d875ac4f583e893a076ec51478e38eeaf0cb562"
            },
            "dist": {
                "type": "zip",
                "url": "https://api.github.com/repos/sensiolabs/Silex-WebProfiler/zipball/3d875ac4f583e893a076ec51478e38eeaf0cb562",
                "reference": "3d875ac4f583e893a076ec51478e38eeaf0cb562",
                "shasum": ""
            },
            "require": {
                "silex/silex": ">=1.0,<2.0",
                "symfony/stopwatch": ">=2.2,<3.0",
                "symfony/web-profiler-bundle": ">=2.2,<3.0"
            },
            "type": "library",
            "extra": {
                "branch-alias": {
                    "dev-master": "1.0.x-dev"
                }
            },
            "autoload": {
                "psr-0": {
                    "Silex\\Provider\\": ""
                }
            },
            "notification-url": "https://packagist.org/downloads/",
            "license": [
                "MIT"
            ],
            "authors": [
                {
                    "name": "Fabien Potencier",
                    "email": "fabien@symfony.com"
                }
            ],
            "description": "A WebProfiler for Silex",
            "homepage": "http://silex.sensiolabs.org/",
            "time": "2013-05-03 17:04:41"
        },
        {
            "name": "symfony/icu",
            "version": "1.2.x-dev",
            "target-dir": "Symfony/Component/Icu",
            "source": {
                "type": "git",
                "url": "https://github.com/symfony/Icu.git",
                "reference": "v1.2.0"
            },
            "dist": {
                "type": "zip",
                "url": "https://api.github.com/repos/symfony/Icu/zipball/v1.2.0",
                "reference": "v1.2.0",
                "shasum": ""
            },
            "require": {
                "lib-icu": ">=4.4",
                "php": ">=5.3.3",
                "symfony/intl": ">=2.3"
            },
            "type": "library",
            "autoload": {
                "psr-0": {
                    "Symfony\\Component\\Icu\\": ""
                }
            },
            "notification-url": "https://packagist.org/downloads/",
            "license": [
                "MIT"
            ],
            "authors": [
                {
                    "name": "Symfony Community",
                    "homepage": "http://symfony.com/contributors"
                },
                {
                    "name": "Bernhard Schussek",
                    "email": "bschussek@gmail.com"
                }
            ],
            "description": "Contains an excerpt of the ICU data and classes to load it.",
            "homepage": "http://symfony.com",
            "keywords": [
                "icu",
                "intl"
            ],
            "time": "2013-04-05 10:34:44"
        },
        {
            "name": "symfony/symfony",
            "version": "dev-master",
            "source": {
                "type": "git",
                "url": "https://github.com/symfony/symfony.git",
                "reference": "674b30fafe7916bc385c6dc7db8fcc11cfc02496"
            },
            "dist": {
                "type": "zip",
                "url": "https://api.github.com/repos/symfony/symfony/zipball/674b30fafe7916bc385c6dc7db8fcc11cfc02496",
                "reference": "674b30fafe7916bc385c6dc7db8fcc11cfc02496",
                "shasum": ""
            },
            "require": {
                "doctrine/common": ">=2.2,<3.0",
                "php": ">=5.3.3",
                "psr/log": ">=1.0,<2.0",
                "symfony/icu": ">=1.0,<2.0",
                "twig/twig": ">=1.11.0,<2.0"
            },
            "replace": {
                "symfony/browser-kit": "self.version",
                "symfony/class-loader": "self.version",
                "symfony/config": "self.version",
                "symfony/console": "self.version",
                "symfony/css-selector": "self.version",
                "symfony/debug": "self.version",
                "symfony/dependency-injection": "self.version",
                "symfony/doctrine-bridge": "self.version",
                "symfony/dom-crawler": "self.version",
                "symfony/event-dispatcher": "self.version",
                "symfony/filesystem": "self.version",
                "symfony/finder": "self.version",
                "symfony/form": "self.version",
                "symfony/framework-bundle": "self.version",
                "symfony/http-foundation": "self.version",
                "symfony/http-kernel": "self.version",
                "symfony/intl": "self.version",
                "symfony/locale": "self.version",
                "symfony/monolog-bridge": "self.version",
                "symfony/options-resolver": "self.version",
                "symfony/process": "self.version",
                "symfony/propel1-bridge": "self.version",
                "symfony/property-access": "self.version",
                "symfony/routing": "self.version",
                "symfony/security": "self.version",
                "symfony/security-bundle": "self.version",
                "symfony/serializer": "self.version",
                "symfony/stopwatch": "self.version",
                "symfony/swiftmailer-bridge": "self.version",
                "symfony/templating": "self.version",
                "symfony/translation": "self.version",
                "symfony/twig-bridge": "self.version",
                "symfony/twig-bundle": "self.version",
                "symfony/validator": "self.version",
                "symfony/web-profiler-bundle": "self.version",
                "symfony/yaml": "self.version"
            },
            "require-dev": {
                "doctrine/data-fixtures": "1.0.*",
                "doctrine/dbal": ">=2.2,<3.0",
                "doctrine/orm": ">=2.2,<3.0,>=2.2.3",
                "ircmaxell/password-compat": "1.0.*",
                "monolog/monolog": ">=1.3,<2.0",
                "propel/propel1": "1.6.*"
            },
            "type": "library",
            "extra": {
                "branch-alias": {
                    "dev-master": "2.3-dev"
                }
            },
            "autoload": {
                "psr-0": {
                    "Symfony\\": "src/"
                },
                "classmap": [
                    "src/Symfony/Component/HttpFoundation/Resources/stubs",
                    "src/Symfony/Component/Intl/Resources/stubs"
                ],
                "files": [
                    "src/Symfony/Component/Intl/Resources/stubs/functions.php"
                ]
            },
            "notification-url": "https://packagist.org/downloads/",
            "license": [
                "MIT"
            ],
            "authors": [
                {
                    "name": "Fabien Potencier",
                    "email": "fabien@symfony.com"
                },
                {
                    "name": "Symfony Community",
                    "homepage": "http://symfony.com/contributors"
                }
            ],
            "description": "The Symfony PHP framework",
            "homepage": "http://symfony.com",
            "keywords": [
                "framework"
            ],
            "time": "2013-05-05 19:59:18"
        },
        {
            "name": "twig/twig",
            "version": "dev-master",
            "source": {
                "type": "git",
                "url": "https://github.com/fabpot/Twig.git",
                "reference": "5b94270c8c452aafd6a5415238edbe4f71136681"
            },
            "dist": {
                "type": "zip",
                "url": "https://api.github.com/repos/fabpot/Twig/zipball/5b94270c8c452aafd6a5415238edbe4f71136681",
                "reference": "5b94270c8c452aafd6a5415238edbe4f71136681",
                "shasum": ""
            },
            "require": {
                "php": ">=5.2.4"
            },
            "type": "library",
            "extra": {
                "branch-alias": {
                    "dev-master": "1.13-dev"
                }
            },
            "autoload": {
                "psr-0": {
                    "Twig_": "lib/"
                }
            },
            "notification-url": "https://packagist.org/downloads/",
            "license": [
                "BSD-3"
            ],
            "authors": [
                {
                    "name": "Fabien Potencier",
                    "email": "fabien@symfony.com"
                },
                {
                    "name": "Armin Ronacher",
                    "email": "armin.ronacher@active-4.com"
                }
            ],
            "description": "Twig, the flexible, fast, and secure template language for PHP",
            "homepage": "http://twig.sensiolabs.org",
            "keywords": [
                "templating"
            ],
            "time": "2013-05-05 09:25:56"
        }
    ],
    "packages-dev": [

    ],
    "aliases": [

    ],
    "minimum-stability": "dev",
    "stability-flags": [

    ],
    "platform": [

    ],
    "platform-dev": [

    ]
}
